
Microsoft Visual Studio Solution File, Format Version 12.00
# Visual Studio 2012
Project("{FAE04EC0-301F-11D3-BF4B-00C04F79EFBC}") = "PsdSharp", "src\PsdSharp\PsdSharp.csproj", "{EA5B8702-72A3-475B-9F88-0290AEA73D4B}"
EndProject
Global
	GlobalSection(SolutionConfigurationPlatforms) = preSolution
		Debug|Any CPU = Debug|Any CPU
		Release|Any CPU = Release|Any CPU
	EndGlobalSection
	GlobalSection(ProjectConfigurationPlatforms) = postSolution
		{EA5B8702-72A3-475B-9F88-0290AEA73D4B}.Debug|Any CPU.ActiveCfg = Debug|Any CPU
		{EA5B8702-72A3-475B-9F88-0290AEA73D4B}.Debug|Any CPU.Build.0 = Debug|Any CPU
		{EA5B8702-72A3-475B-9F88-0290AEA73D4B}.Release|Any CPU.ActiveCfg = Release|Any CPU
		{EA5B8702-72A3-475B-9F88-0290AEA73D4B}.Release|Any CPU.Build.0 = Release|Any CPU
	EndGlobalSection
	GlobalSection(MonoDevelopProperties) = preSolution
		Policies = $0
		$0.NameConventionPolicy = $1
		$1.Rules = $2
		$2.NamingRule = $3
		$3.Name = Type Parameters
		$3.AffectedEntity = TypeParameter
		$3.VisibilityMask = VisibilityMask
		$3.NamingStyle = PascalCase
		$3.IncludeInstanceMembers = True
		$3.IncludeStaticEntities = True
		$3.RequiredPrefixes = $27
		$27.String = T
		$3.RequiredSuffixes = $28
		$28.String = Exception
		$2.NamingRule = $4
		$4.Name = Types
		$4.AffectedEntity = Class, Struct, Enum, Delegate
		$4.VisibilityMask = VisibilityMask
		$4.NamingStyle = PascalCase
		$4.IncludeInstanceMembers = True
		$4.IncludeStaticEntities = True
		$2.NamingRule = $5
		$5.Name = Interfaces
		$5.RequiredPrefixes = $6
		$6.String = I
		$5.AffectedEntity = Interface
		$5.VisibilityMask = VisibilityMask
		$5.NamingStyle = PascalCase
		$5.IncludeInstanceMembers = True
		$5.IncludeStaticEntities = True
		$2.NamingRule = $7
		$7.Name = Attributes
		$7.RequiredSuffixes = $8
		$8.String = Attribute
		$7.AffectedEntity = CustomAttributes
		$7.VisibilityMask = VisibilityMask
		$7.NamingStyle = PascalCase
		$7.IncludeInstanceMembers = True
		$7.IncludeStaticEntities = True
		$2.NamingRule = $9
		$9.Name = Event Arguments
		$9.RequiredSuffixes = $10
		$10.String = EventArgs
		$9.AffectedEntity = CustomEventArgs
		$9.VisibilityMask = VisibilityMask
		$9.NamingStyle = PascalCase
		$9.IncludeInstanceMembers = True
		$9.IncludeStaticEntities = True
		$2.NamingRule = $11
		$11.Name = Exceptions
		$11.RequiredSuffixes = $12
		$12.String = Exception
		$11.AffectedEntity = CustomExceptions
		$11.VisibilityMask = VisibilityMask
		$11.NamingStyle = PascalCase
		$11.IncludeInstanceMembers = True
		$11.IncludeStaticEntities = True
		$2.NamingRule = $13
		$13.Name = Methods
		$13.AffectedEntity = Methods
		$13.VisibilityMask = VisibilityMask
		$13.NamingStyle = PascalCase
		$13.IncludeInstanceMembers = True
		$13.IncludeStaticEntities = True
		$2.NamingRule = $14
		$14.Name = Static Readonly Fields
		$14.AffectedEntity = ReadonlyField
		$14.VisibilityMask = Internal, Protected, Public
		$14.NamingStyle = PascalCase
		$14.IncludeInstanceMembers = False
		$14.IncludeStaticEntities = True
		$2.NamingRule = $15
		$15.Name = Fields (Non Private)
		$15.AffectedEntity = Field
		$15.VisibilityMask = Internal, Protected, Public
		$15.NamingStyle = CamelCase
		$15.IncludeInstanceMembers = True
		$15.IncludeStaticEntities = True
		$2.NamingRule = $16
		$16.Name = ReadOnly Fields (Non Private)
		$16.AffectedEntity = ReadonlyField
		$16.VisibilityMask = Internal, Protected, Public
		$16.NamingStyle = CamelCase
		$16.IncludeInstanceMembers = True
		$16.IncludeStaticEntities = False
		$2.NamingRule = $17
		$17.Name = Fields (Private)
		$17.AffectedEntity = Field, ReadonlyField
		$17.VisibilityMask = Private
		$17.NamingStyle = CamelCase
		$17.IncludeInstanceMembers = True
		$17.IncludeStaticEntities = False
		$2.NamingRule = $18
		$18.Name = Static Fields (Private)
		$18.AffectedEntity = Field
		$18.VisibilityMask = Private
		$18.NamingStyle = CamelCase
		$18.IncludeInstanceMembers = False
		$18.IncludeStaticEntities = True
		$2.NamingRule = $19
		$19.Name = ReadOnly Fields (Private)
		$19.AffectedEntity = ReadonlyField
		$19.VisibilityMask = Private
		$19.NamingStyle = CamelCase
		$19.IncludeInstanceMembers = True
		$19.IncludeStaticEntities = False
		$2.NamingRule = $20
		$20.Name = Constant Fields
		$20.AffectedEntity = ConstantField
		$20.VisibilityMask = VisibilityMask
		$20.NamingStyle = PascalCase
		$20.IncludeInstanceMembers = True
		$20.IncludeStaticEntities = True
		$2.NamingRule = $21
		$21.Name = Properties
		$21.AffectedEntity = Property
		$21.VisibilityMask = VisibilityMask
		$21.NamingStyle = PascalCase
		$21.IncludeInstanceMembers = True
		$21.IncludeStaticEntities = True
		$2.NamingRule = $22
		$22.Name = Events
		$22.AffectedEntity = Event
		$22.VisibilityMask = VisibilityMask
		$22.NamingStyle = PascalCaseWithUpperLetterUnderscore
		$22.IncludeInstanceMembers = True
		$22.IncludeStaticEntities = True
		$2.NamingRule = $23
		$23.Name = Enum Members
		$23.AffectedEntity = EnumMember
		$23.VisibilityMask = VisibilityMask
		$23.NamingStyle = PascalCase
		$23.IncludeInstanceMembers = True
		$23.IncludeStaticEntities = True
		$2.NamingRule = $24
		$24.Name = Parameters
		$24.AffectedEntity = Parameter
		$24.VisibilityMask = VisibilityMask
		$24.NamingStyle = CamelCase
		$24.IncludeInstanceMembers = True
		$24.IncludeStaticEntities = True
		$2.NamingRule = $25
		$25.Name = Type Parameters
		$25.RequiredPrefixes = $26
		$26.String = T
		$25.AffectedEntity = TypeParameter
		$25.VisibilityMask = VisibilityMask
		$25.NamingStyle = PascalCase
		$25.IncludeInstanceMembers = True
		$25.IncludeStaticEntities = True
		$0.DotNetNamingPolicy = $29
		$29.DirectoryNamespaceAssociation = PrefixedHierarchical
		$29.ResourceNamePolicy = FileFormatDefault
		$0.TextStylePolicy = $30
		$30.FileWidth = 120
		$30.inheritsSet = VisualStudio
		$30.inheritsScope = text/plain
		$30.scope = text/x-csharp
		$30.TabsToSpaces = False
		$0.CSharpFormattingPolicy = $31
		$31.IndentSwitchSection = True
		$31.NewLinesForBracesInProperties = True
		$31.NewLinesForBracesInAccessors = True
		$31.NewLinesForBracesInAnonymousMethods = True
		$31.NewLinesForBracesInControlBlocks = True
		$31.NewLinesForBracesInAnonymousTypes = True
		$31.NewLinesForBracesInObjectCollectionArrayInitializers = True
		$31.NewLinesForBracesInLambdaExpressionBody = True
		$31.NewLineForElse = True
		$31.NewLineForCatch = True
		$31.NewLineForFinally = True
		$31.NewLineForMembersInObjectInit = True
		$31.NewLineForMembersInAnonymousTypes = True
		$31.NewLineForClausesInQuery = True
		$31.SpacingAfterMethodDeclarationName = False
		$31.SpaceAfterMethodCallName = False
		$31.SpaceBeforeOpenSquareBracket = False
		$31.inheritsSet = Mono
		$31.inheritsScope = text/x-csharp
		$31.scope = text/x-csharp
		$31.SpaceAfterCast = True
		$0.StandardHeader = $32
		$32.Text = 
		$32.IncludeInNewFiles = True
	EndGlobalSection
EndGlobal
